
Microsoft Visual Studio Solution File, Format Version 12.00
# Visual Studio Version 17
VisualStudioVersion = 17.7.34003.232
MinimumVisualStudioVersion = 10.0.40219.1
Project("{FAE04EC0-301F-11D3-BF4B-00C04F79EFBC}") = "MVCProjeKampi", "MVCProjeKampi\MVCProjeKampi.csproj", "{8B1316E5-5BCF-41AB-868A-8521F033465B}"
EndProject
Global
	GlobalSection(SolutionConfigurationPlatforms) = preSolution
		Debug|Any CPU = Debug|Any CPU
		Release|Any CPU = Release|Any CPU
	EndGlobalSection
	GlobalSection(ProjectConfigurationPlatforms) = postSolution
		{8B1316E5-5BCF-41AB-868A-8521F033465B}.Debug|Any CPU.ActiveCfg = Debug|Any CPU
		{8B1316E5-5BCF-41AB-868A-8521F033465B}.Debug|Any CPU.Build.0 = Debug|Any CPU
		{8B1316E5-5BCF-41AB-868A-8521F033465B}.Release|Any CPU.ActiveCfg = Release|Any CPU
		{8B1316E5-5BCF-41AB-868A-8521F033465B}.Release|Any CPU.Build.0 = Release|Any CPU
	EndGlobalSection
	GlobalSection(SolutionProperties) = preSolution
		HideSolutionNode = FALSE
	EndGlobalSection
	GlobalSection(ExtensibilityGlobals) = postSolution
		SolutionGuid = {E161129D-890B-4B86-A5D8-BCE6538731DC}
	EndGlobalSection
EndGlobal
